
Microsoft Visual Studio Solution File, Format Version 12.00
# Visual Studio Version 17
VisualStudioVersion = 17.11.35327.3
MinimumVisualStudioVersion = 10.0.40219.1
Project("{FAE04EC0-301F-11D3-BF4B-00C04F79EFBC}") = "Leitor-KML-App", "Leitor-KML-App\Leitor-KML-App.csproj", "{5693AD9A-CC34-40E5-91E8-CEC2CDB353DC}"
EndProject
Global
	GlobalSection(SolutionConfigurationPlatforms) = preSolution
		Debug|Any CPU = Debug|Any CPU
		Release|Any CPU = Release|Any CPU
	EndGlobalSection
	GlobalSection(ProjectConfigurationPlatforms) = postSolution
		{5693AD9A-CC34-40E5-91E8-CEC2CDB353DC}.Debug|Any CPU.ActiveCfg = Debug|Any CPU
		{5693AD9A-CC34-40E5-91E8-CEC2CDB353DC}.Debug|Any CPU.Build.0 = Debug|Any CPU
		{5693AD9A-CC34-40E5-91E8-CEC2CDB353DC}.Release|Any CPU.ActiveCfg = Release|Any CPU
		{5693AD9A-CC34-40E5-91E8-CEC2CDB353DC}.Release|Any CPU.Build.0 = Release|Any CPU
	EndGlobalSection
	GlobalSection(SolutionProperties) = preSolution
		HideSolutionNode = FALSE
	EndGlobalSection
	GlobalSection(ExtensibilityGlobals) = postSolution
		SolutionGuid = {D21F2FCE-D673-442C-A57A-D51C4F54BD1E}
	EndGlobalSection
EndGlobal
